
Microsoft Visual Studio Solution File, Format Version 12.00
# Visual Studio Version 17
VisualStudioVersion = 17.3.32929.385
MinimumVisualStudioVersion = 10.0.40219.1
Project("{FAE04EC0-301F-11D3-BF4B-00C04F79EFBC}") = "Library System", "Library System\Library System.csproj", "{6205ACFC-5795-4E2D-91F6-52BA28CD1BF8}"
EndProject
Global
	GlobalSection(SolutionConfigurationPlatforms) = preSolution
		Debug|Any CPU = Debug|Any CPU
		Debug|x64 = Debug|x64
		Release|Any CPU = Release|Any CPU
		Release|x64 = Release|x64
	EndGlobalSection
	GlobalSection(ProjectConfigurationPlatforms) = postSolution
		{6205ACFC-5795-4E2D-91F6-52BA28CD1BF8}.Debug|Any CPU.ActiveCfg = Debug|Any CPU
		{6205ACFC-5795-4E2D-91F6-52BA28CD1BF8}.Debug|Any CPU.Build.0 = Debug|Any CPU
		{6205ACFC-5795-4E2D-91F6-52BA28CD1BF8}.Debug|x64.ActiveCfg = Debug|x64
		{6205ACFC-5795-4E2D-91F6-52BA28CD1BF8}.Debug|x64.Build.0 = Debug|x64
		{6205ACFC-5795-4E2D-91F6-52BA28CD1BF8}.Release|Any CPU.ActiveCfg = Release|Any CPU
		{6205ACFC-5795-4E2D-91F6-52BA28CD1BF8}.Release|Any CPU.Build.0 = Release|Any CPU
		{6205ACFC-5795-4E2D-91F6-52BA28CD1BF8}.Release|x64.ActiveCfg = Release|x64
		{6205ACFC-5795-4E2D-91F6-52BA28CD1BF8}.Release|x64.Build.0 = Release|x64
	EndGlobalSection
	GlobalSection(SolutionProperties) = preSolution
		HideSolutionNode = FALSE
	EndGlobalSection
	GlobalSection(ExtensibilityGlobals) = postSolution
		SolutionGuid = {BAD2F616-76B4-4F53-9ADD-0D72E469E8FD}
	EndGlobalSection
EndGlobal
